
Microsoft Visual Studio Solution File, Format Version 12.00
# Visual Studio Version 17
VisualStudioVersion = 17.0.32014.148
MinimumVisualStudioVersion = 10.0.40219.1
Project("{9A19103F-16F7-4668-BE54-9A1E7A4F7556}") = "App-Driver", "App-Driver\App-Driver.csproj", "{BD4C3526-7AE1-4589-8334-EA71617546D6}"
EndProject
Project("{9A19103F-16F7-4668-BE54-9A1E7A4F7556}") = "Telegram.BotApi", "Telegram.BotAPI\Telegram.BotApi.csproj", "{68226653-2FF2-4AF7-BB6B-1C99F1473DD9}"
EndProject
Global
	GlobalSection(SolutionConfigurationPlatforms) = preSolution
		Debug|Any CPU = Debug|Any CPU
		Release|Any CPU = Release|Any CPU
	EndGlobalSection
	GlobalSection(ProjectConfigurationPlatforms) = postSolution
		{BD4C3526-7AE1-4589-8334-EA71617546D6}.Debug|Any CPU.ActiveCfg = Debug|Any CPU
		{BD4C3526-7AE1-4589-8334-EA71617546D6}.Debug|Any CPU.Build.0 = Debug|Any CPU
		{BD4C3526-7AE1-4589-8334-EA71617546D6}.Release|Any CPU.ActiveCfg = Release|Any CPU
		{BD4C3526-7AE1-4589-8334-EA71617546D6}.Release|Any CPU.Build.0 = Release|Any CPU
		{68226653-2FF2-4AF7-BB6B-1C99F1473DD9}.Debug|Any CPU.ActiveCfg = Debug|Any CPU
		{68226653-2FF2-4AF7-BB6B-1C99F1473DD9}.Debug|Any CPU.Build.0 = Debug|Any CPU
		{68226653-2FF2-4AF7-BB6B-1C99F1473DD9}.Release|Any CPU.ActiveCfg = Release|Any CPU
		{68226653-2FF2-4AF7-BB6B-1C99F1473DD9}.Release|Any CPU.Build.0 = Release|Any CPU
	EndGlobalSection
	GlobalSection(SolutionProperties) = preSolution
		HideSolutionNode = FALSE
	EndGlobalSection
	GlobalSection(ExtensibilityGlobals) = postSolution
		SolutionGuid = {3D248FA2-1C8D-4AA2-B00B-3E80FB6AE736}
	EndGlobalSection
EndGlobal
